// !$*UTF8*$!
{
	archiveVersion = 1;
	classes = {
	};
	objectVersion = 46;
	objects = {

/* Begin PBXBuildFile section */
		4F371E431F74DED00013DAC8 /* AFNetworking.framework in Frameworks */ = {isa = PBXBuildFile; fileRef = 4F371E421F74DED00013DAC8 /* AFNetworking.framework */; };
		4F371E441F74DED90013DAC8 /* AFNetworking.framework in Frameworks */ = {isa = PBXBuildFile; fileRef = 4F371E421F74DED00013DAC8 /* AFNetworking.framework */; };
		4F371E451F74DED90013DAC8 /* AFNetworking.framework in Embed Frameworks */ = {isa = PBXBuildFile; fileRef = 4F371E421F74DED00013DAC8 /* AFNetworking.framework */; settings = {ATTRIBUTES = (CodeSignOnCopy, RemoveHeadersOnCopy, ); }; };
		4F371E491F74E53B0013DAC8 /* ToastSwiftFramework.framework in Frameworks */ = {isa = PBXBuildFile; fileRef = 4F371E481F74E53B0013DAC8 /* ToastSwiftFramework.framework */; };
		4F371E4C1F74E5AA0013DAC8 /* CYAlertView.swift in Sources */ = {isa = PBXBuildFile; fileRef = 4F371E4B1F74E5AA0013DAC8 /* CYAlertView.swift */; };
		4F371E4D1F74EBA00013DAC8 /* ToastSwiftFramework.framework in Frameworks */ = {isa = PBXBuildFile; fileRef = 4F371E481F74E53B0013DAC8 /* ToastSwiftFramework.framework */; };
		4F371E4E1F74EBA00013DAC8 /* ToastSwiftFramework.framework in Embed Frameworks */ = {isa = PBXBuildFile; fileRef = 4F371E481F74E53B0013DAC8 /* ToastSwiftFramework.framework */; settings = {ATTRIBUTES = (CodeSignOnCopy, RemoveHeadersOnCopy, ); }; };
		4F401B651F7CE2F000B08AF1 /* HeartRateWaveView.m in Sources */ = {isa = PBXBuildFile; fileRef = 4F401B621F7CE2F000B08AF1 /* HeartRateWaveView.m */; };
		4F401B661F7CE2F000B08AF1 /* HRTools.m in Sources */ = {isa = PBXBuildFile; fileRef = 4F401B641F7CE2F000B08AF1 /* HRTools.m */; };
		4F401B691F7CE38D00B08AF1 /* UIColor+Hex.m in Sources */ = {isa = PBXBuildFile; fileRef = 4F401B681F7CE38D00B08AF1 /* UIColor+Hex.m */; };
		4F7F29751F7A442600EA67B6 /* HealthmeCloudSDK_iOS.framework in Frameworks */ = {isa = PBXBuildFile; fileRef = 4F7F29741F7A419200EA67B6 /* HealthmeCloudSDK_iOS.framework */; };
		4F7F29761F7A442600EA67B6 /* HealthmeCloudSDK_iOS.framework in Embed Frameworks */ = {isa = PBXBuildFile; fileRef = 4F7F29741F7A419200EA67B6 /* HealthmeCloudSDK_iOS.framework */; settings = {ATTRIBUTES = (CodeSignOnCopy, RemoveHeadersOnCopy, ); }; };
		4F7F297C1F7A543200EA67B6 /* CYNetworkingRequest.swift in Sources */ = {isa = PBXBuildFile; fileRef = 4F7F297B1F7A543200EA67B6 /* CYNetworkingRequest.swift */; };
		4F7F297E1F7A561300EA67B6 /* CYRequestHandler.swift in Sources */ = {isa = PBXBuildFile; fileRef = 4F7F297D1F7A561300EA67B6 /* CYRequestHandler.swift */; };
		4F7F29801F7A5BB700EA67B6 /* Alamofire.framework in Frameworks */ = {isa = PBXBuildFile; fileRef = 4F7F297F1F7A5BAF00EA67B6 /* Alamofire.framework */; };
		4F7F29811F7A5BB700EA67B6 /* Alamofire.framework in Embed Frameworks */ = {isa = PBXBuildFile; fileRef = 4F7F297F1F7A5BAF00EA67B6 /* Alamofire.framework */; settings = {ATTRIBUTES = (CodeSignOnCopy, RemoveHeadersOnCopy, ); }; };
		4F85B6D81F7218CC00C38ADD /* CYTestBotView.swift in Sources */ = {isa = PBXBuildFile; fileRef = 4F85B6D71F7218CC00C38ADD /* CYTestBotView.swift */; };
		4F85B6DA1F721C9F00C38ADD /* CYTestPageView.swift in Sources */ = {isa = PBXBuildFile; fileRef = 4F85B6D91F721C9F00C38ADD /* CYTestPageView.swift */; };
		4F85B6DD1F724AF100C38ADD /* CYNavigationController.swift in Sources */ = {isa = PBXBuildFile; fileRef = 4F85B6DC1F724AF100C38ADD /* CYNavigationController.swift */; };
		4F85B6E21F725EB600C38ADD /* CYDropdownView.swift in Sources */ = {isa = PBXBuildFile; fileRef = 4F85B6E11F725EB600C38ADD /* CYDropdownView.swift */; };
		4F9A078E1F735CD3008ECCD2 /* SQLite.framework in Frameworks */ = {isa = PBXBuildFile; fileRef = 4F9A078D1F735CD3008ECCD2 /* SQLite.framework */; };
		4F9A07911F735D65008ECCD2 /* CYDatabaseManager.swift in Sources */ = {isa = PBXBuildFile; fileRef = 4F9A07901F735D65008ECCD2 /* CYDatabaseManager.swift */; };
		4F9A07921F7364C1008ECCD2 /* SQLite.framework in Frameworks */ = {isa = PBXBuildFile; fileRef = 4F9A078D1F735CD3008ECCD2 /* SQLite.framework */; };
		4F9A07931F7364C1008ECCD2 /* SQLite.framework in Embed Frameworks */ = {isa = PBXBuildFile; fileRef = 4F9A078D1F735CD3008ECCD2 /* SQLite.framework */; settings = {ATTRIBUTES = (CodeSignOnCopy, RemoveHeadersOnCopy, ); }; };
		4F9A07961F736977008ECCD2 /* FMDB.framework in Frameworks */ = {isa = PBXBuildFile; fileRef = 4F9A07951F736977008ECCD2 /* FMDB.framework */; };
		4F9A07971F73697E008ECCD2 /* FMDB.framework in Frameworks */ = {isa = PBXBuildFile; fileRef = 4F9A07951F736977008ECCD2 /* FMDB.framework */; };
		4F9A07981F73697E008ECCD2 /* FMDB.framework in Embed Frameworks */ = {isa = PBXBuildFile; fileRef = 4F9A07951F736977008ECCD2 /* FMDB.framework */; settings = {ATTRIBUTES = (CodeSignOnCopy, RemoveHeadersOnCopy, ); }; };
		4F9A079E1F7387F2008ECCD2 /* MJExtension.framework in Frameworks */ = {isa = PBXBuildFile; fileRef = 4F9A079D1F7387F2008ECCD2 /* MJExtension.framework */; };
		4F9A079F1F7387FD008ECCD2 /* MJExtension.framework in Frameworks */ = {isa = PBXBuildFile; fileRef = 4F9A079D1F7387F2008ECCD2 /* MJExtension.framework */; };
		4F9A07A01F7387FD008ECCD2 /* MJExtension.framework in Embed Frameworks */ = {isa = PBXBuildFile; fileRef = 4F9A079D1F7387F2008ECCD2 /* MJExtension.framework */; settings = {ATTRIBUTES = (CodeSignOnCopy, RemoveHeadersOnCopy, ); }; };
		4F9A07A51F73883E008ECCD2 /* CYModels.swift in Sources */ = {isa = PBXBuildFile; fileRef = 4F9A07A41F73883E008ECCD2 /* CYModels.swift */; };
		4F9A42FD1F78A2E400112583 /* CYUserdefaultKeys.swift in Sources */ = {isa = PBXBuildFile; fileRef = 4F9A42FC1F78A2E400112583 /* CYUserdefaultKeys.swift */; };
		4F9BFC511F720FCC00BCCCCB /* CYTestViewController.swift in Sources */ = {isa = PBXBuildFile; fileRef = 4F9BFC501F720FCC00BCCCCB /* CYTestViewController.swift */; };
		4FA6389D1F70AAEA00838704 /* CYAddInfoSecondViewController.swift in Sources */ = {isa = PBXBuildFile; fileRef = 4FA6389C1F70AAEA00838704 /* CYAddInfoSecondViewController.swift */; };
		4FA6389F1F70AB0800838704 /* CYAddInfoThirdViewController.swift in Sources */ = {isa = PBXBuildFile; fileRef = 4FA6389E1F70AB0800838704 /* CYAddInfoThirdViewController.swift */; };
		4FA638A11F70AB1000838704 /* CYAddInfoFourthViewController.swift in Sources */ = {isa = PBXBuildFile; fileRef = 4FA638A01F70AB1000838704 /* CYAddInfoFourthViewController.swift */; };
		4FA638A31F70AB2200838704 /* CYAddInfoFifthViewController.swift in Sources */ = {isa = PBXBuildFile; fileRef = 4FA638A21F70AB2200838704 /* CYAddInfoFifthViewController.swift */; };
		4FA638A51F70AB3100838704 /* CYAddInfoSixthViewController.swift in Sources */ = {isa = PBXBuildFile; fileRef = 4FA638A41F70AB3100838704 /* CYAddInfoSixthViewController.swift */; };
		4FA638A71F70B17C00838704 /* CYHistoryListViewController.swift in Sources */ = {isa = PBXBuildFile; fileRef = 4FA638A61F70B17C00838704 /* CYHistoryListViewController.swift */; };
		4FA638AB1F70B4F100838704 /* CYHistoryListCell.swift in Sources */ = {isa = PBXBuildFile; fileRef = 4FA638A91F70B4F100838704 /* CYHistoryListCell.swift */; };
		4FA638AC1F70B4F100838704 /* CYHistoryListCell.xib in Resources */ = {isa = PBXBuildFile; fileRef = 4FA638AA1F70B4F100838704 /* CYHistoryListCell.xib */; };
		4FA638AE1F70BB9C00838704 /* CYHistoryViewController.swift in Sources */ = {isa = PBXBuildFile; fileRef = 4FA638AD1F70BB9C00838704 /* CYHistoryViewController.swift */; };
		4FA638DB1F70F50B00838704 /* CYProgressView.swift in Sources */ = {isa = PBXBuildFile; fileRef = 4FA638DA1F70F50B00838704 /* CYProgressView.swift */; };
		4FA638DE1F71031E00838704 /* CYHistoryCell.swift in Sources */ = {isa = PBXBuildFile; fileRef = 4FA638DC1F71031E00838704 /* CYHistoryCell.swift */; };
		4FA638DF1F71031E00838704 /* CYHistoryCell.xib in Resources */ = {isa = PBXBuildFile; fileRef = 4FA638DD1F71031E00838704 /* CYHistoryCell.xib */; };
		4FA638E21F7109D900838704 /* HistoryDetail.plist in Resources */ = {isa = PBXBuildFile; fileRef = 4FA638E11F7109D900838704 /* HistoryDetail.plist */; };
		4FA638E41F711A9100838704 /* CYHistoryHeaderView.swift in Sources */ = {isa = PBXBuildFile; fileRef = 4FA638E31F711A9100838704 /* CYHistoryHeaderView.swift */; };
		4FA638E61F711AB000838704 /* CYHistoryHeaderView.xib in Resources */ = {isa = PBXBuildFile; fileRef = 4FA638E51F711AB000838704 /* CYHistoryHeaderView.xib */; };
		4FA638E81F7122FC00838704 /* CYHistoryFooterView.swift in Sources */ = {isa = PBXBuildFile; fileRef = 4FA638E71F7122FC00838704 /* CYHistoryFooterView.swift */; };
		4FA638EA1F71230C00838704 /* CYHistoryFooterView.xib in Resources */ = {isa = PBXBuildFile; fileRef = 4FA638E91F71230C00838704 /* CYHistoryFooterView.xib */; };
		4FEA927E1F6F633D007A4E19 /* AppDelegate.swift in Sources */ = {isa = PBXBuildFile; fileRef = 4FEA927D1F6F633D007A4E19 /* AppDelegate.swift */; };
		4FEA92831F6F633D007A4E19 /* Main.storyboard in Resources */ = {isa = PBXBuildFile; fileRef = 4FEA92811F6F633D007A4E19 /* Main.storyboard */; };
		4FEA92851F6F633D007A4E19 /* Assets.xcassets in Resources */ = {isa = PBXBuildFile; fileRef = 4FEA92841F6F633D007A4E19 /* Assets.xcassets */; };
		4FEA92881F6F633D007A4E19 /* LaunchScreen.storyboard in Resources */ = {isa = PBXBuildFile; fileRef = 4FEA92861F6F633D007A4E19 /* LaunchScreen.storyboard */; };
		4FEA92971F6F6804007A4E19 /* CYPersonnelListViewController.swift in Sources */ = {isa = PBXBuildFile; fileRef = 4FEA92961F6F6804007A4E19 /* CYPersonnelListViewController.swift */; };
		4FEA92991F6F90B8007A4E19 /* CYLoginViewController.swift in Sources */ = {isa = PBXBuildFile; fileRef = 4FEA92981F6F90B8007A4E19 /* CYLoginViewController.swift */; };
		4FEA929B1F6F90C2007A4E19 /* CYRegisterViewController.swift in Sources */ = {isa = PBXBuildFile; fileRef = 4FEA929A1F6F90C2007A4E19 /* CYRegisterViewController.swift */; };
		4FEA92E61F6FAB1E007A4E19 /* CYPersonCell.swift in Sources */ = {isa = PBXBuildFile; fileRef = 4FEA92E41F6FAB1E007A4E19 /* CYPersonCell.swift */; };
		4FEA92E71F6FAB1E007A4E19 /* CYPersonCell.xib in Resources */ = {isa = PBXBuildFile; fileRef = 4FEA92E51F6FAB1E007A4E19 /* CYPersonCell.xib */; };
		4FEA92EA1F6FB536007A4E19 /* CYHeader.swift in Sources */ = {isa = PBXBuildFile; fileRef = 4FEA92E91F6FB536007A4E19 /* CYHeader.swift */; };
		4FEA92ED1F6FB777007A4E19 /* CYAdditionButtonCell.swift in Sources */ = {isa = PBXBuildFile; fileRef = 4FEA92EB1F6FB777007A4E19 /* CYAdditionButtonCell.swift */; };
		4FEA92EE1F6FB777007A4E19 /* CYAdditionButtonCell.xib in Resources */ = {isa = PBXBuildFile; fileRef = 4FEA92EC1F6FB777007A4E19 /* CYAdditionButtonCell.xib */; };
		4FEA92F01F6FBFE1007A4E19 /* CYPersonnelListEditingViewController.swift in Sources */ = {isa = PBXBuildFile; fileRef = 4FEA92EF1F6FBFE1007A4E19 /* CYPersonnelListEditingViewController.swift */; };
		4FEA92F91F6FC0DA007A4E19 /* CYPersonEditingTableViewCell.swift in Sources */ = {isa = PBXBuildFile; fileRef = 4FEA92F71F6FC0DA007A4E19 /* CYPersonEditingTableViewCell.swift */; };
		4FEA92FA1F6FC0DA007A4E19 /* CYPersonEditingTableViewCell.xib in Resources */ = {isa = PBXBuildFile; fileRef = 4FEA92F81F6FC0DA007A4E19 /* CYPersonEditingTableViewCell.xib */; };
		4FEA92FC1F6FC935007A4E19 /* CYAddInfoFirstViewController.swift in Sources */ = {isa = PBXBuildFile; fileRef = 4FEA92FB1F6FC935007A4E19 /* CYAddInfoFirstViewController.swift */; };
/* End PBXBuildFile section */

/* Begin PBXCopyFilesBuildPhase section */
		4F9A07941F7364C1008ECCD2 /* Embed Frameworks */ = {
			isa = PBXCopyFilesBuildPhase;
			buildActionMask = 2147483647;
			dstPath = "";
			dstSubfolderSpec = 10;
			files = (
				4F371E4E1F74EBA00013DAC8 /* ToastSwiftFramework.framework in Embed Frameworks */,
				4F7F29761F7A442600EA67B6 /* HealthmeCloudSDK_iOS.framework in Embed Frameworks */,
				4F9A07A01F7387FD008ECCD2 /* MJExtension.framework in Embed Frameworks */,
				4F371E451F74DED90013DAC8 /* AFNetworking.framework in Embed Frameworks */,
				4F7F29811F7A5BB700EA67B6 /* Alamofire.framework in Embed Frameworks */,
				4F9A07931F7364C1008ECCD2 /* SQLite.framework in Embed Frameworks */,
				4F9A07981F73697E008ECCD2 /* FMDB.framework in Embed Frameworks */,
			);
			name = "Embed Frameworks";
			runOnlyForDeploymentPostprocessing = 0;
		};
/* End PBXCopyFilesBuildPhase section */

/* Begin PBXFileReference section */
		4F371E421F74DED00013DAC8 /* AFNetworking.framework */ = {isa = PBXFileReference; lastKnownFileType = wrapper.framework; path = AFNetworking.framework; sourceTree = "<group>"; };
		4F371E481F74E53B0013DAC8 /* ToastSwiftFramework.framework */ = {isa = PBXFileReference; lastKnownFileType = wrapper.framework; path = ToastSwiftFramework.framework; sourceTree = "<group>"; };
		4F371E4B1F74E5AA0013DAC8 /* CYAlertView.swift */ = {isa = PBXFileReference; fileEncoding = 4; lastKnownFileType = sourcecode.swift; path = CYAlertView.swift; sourceTree = "<group>"; };
		4F401B611F7CE2F000B08AF1 /* HeartRateWaveView.h */ = {isa = PBXFileReference; fileEncoding = 4; lastKnownFileType = sourcecode.c.h; path = HeartRateWaveView.h; sourceTree = "<group>"; };
		4F401B621F7CE2F000B08AF1 /* HeartRateWaveView.m */ = {isa = PBXFileReference; fileEncoding = 4; lastKnownFileType = sourcecode.c.objc; path = HeartRateWaveView.m; sourceTree = "<group>"; };
		4F401B631F7CE2F000B08AF1 /* HRTools.h */ = {isa = PBXFileReference; fileEncoding = 4; lastKnownFileType = sourcecode.c.h; path = HRTools.h; sourceTree = "<group>"; };
		4F401B641F7CE2F000B08AF1 /* HRTools.m */ = {isa = PBXFileReference; fileEncoding = 4; lastKnownFileType = sourcecode.c.objc; path = HRTools.m; sourceTree = "<group>"; };
		4F401B671F7CE38D00B08AF1 /* UIColor+Hex.h */ = {isa = PBXFileReference; fileEncoding = 4; lastKnownFileType = sourcecode.c.h; path = "UIColor+Hex.h"; sourceTree = "<group>"; };
		4F401B681F7CE38D00B08AF1 /* UIColor+Hex.m */ = {isa = PBXFileReference; fileEncoding = 4; lastKnownFileType = sourcecode.c.objc; path = "UIColor+Hex.m"; sourceTree = "<group>"; };
		4F7F29741F7A419200EA67B6 /* HealthmeCloudSDK_iOS.framework */ = {isa = PBXFileReference; lastKnownFileType = wrapper.framework; path = HealthmeCloudSDK_iOS.framework; sourceTree = "<group>"; };
		4F7F297B1F7A543200EA67B6 /* CYNetworkingRequest.swift */ = {isa = PBXFileReference; lastKnownFileType = sourcecode.swift; path = CYNetworkingRequest.swift; sourceTree = "<group>"; };
		4F7F297D1F7A561300EA67B6 /* CYRequestHandler.swift */ = {isa = PBXFileReference; lastKnownFileType = sourcecode.swift; path = CYRequestHandler.swift; sourceTree = "<group>"; };
		4F7F297F1F7A5BAF00EA67B6 /* Alamofire.framework */ = {isa = PBXFileReference; lastKnownFileType = wrapper.framework; path = Alamofire.framework; sourceTree = "<group>"; };
		4F85B6D71F7218CC00C38ADD /* CYTestBotView.swift */ = {isa = PBXFileReference; fileEncoding = 4; lastKnownFileType = sourcecode.swift; path = CYTestBotView.swift; sourceTree = "<group>"; };
		4F85B6D91F721C9F00C38ADD /* CYTestPageView.swift */ = {isa = PBXFileReference; fileEncoding = 4; lastKnownFileType = sourcecode.swift; path = CYTestPageView.swift; sourceTree = "<group>"; };
		4F85B6DC1F724AF100C38ADD /* CYNavigationController.swift */ = {isa = PBXFileReference; fileEncoding = 4; lastKnownFileType = sourcecode.swift; path = CYNavigationController.swift; sourceTree = "<group>"; };
		4F85B6E11F725EB600C38ADD /* CYDropdownView.swift */ = {isa = PBXFileReference; fileEncoding = 4; lastKnownFileType = sourcecode.swift; path = CYDropdownView.swift; sourceTree = "<group>"; };
		4F9A078D1F735CD3008ECCD2 /* SQLite.framework */ = {isa = PBXFileReference; lastKnownFileType = wrapper.framework; path = SQLite.framework; sourceTree = "<group>"; };
		4F9A07901F735D65008ECCD2 /* CYDatabaseManager.swift */ = {isa = PBXFileReference; fileEncoding = 4; lastKnownFileType = sourcecode.swift; path = CYDatabaseManager.swift; sourceTree = "<group>"; };
		4F9A07951F736977008ECCD2 /* FMDB.framework */ = {isa = PBXFileReference; lastKnownFileType = wrapper.framework; path = FMDB.framework; sourceTree = "<group>"; };
		4F9A07991F7369A0008ECCD2 /* QmjkInternational-Bridging-Header.h */ = {isa = PBXFileReference; lastKnownFileType = sourcecode.c.h; path = "QmjkInternational-Bridging-Header.h"; sourceTree = "<group>"; };
		4F9A079D1F7387F2008ECCD2 /* MJExtension.framework */ = {isa = PBXFileReference; lastKnownFileType = wrapper.framework; path = MJExtension.framework; sourceTree = "<group>"; };
		4F9A07A41F73883E008ECCD2 /* CYModels.swift */ = {isa = PBXFileReference; fileEncoding = 4; lastKnownFileType = sourcecode.swift; path = CYModels.swift; sourceTree = "<group>"; };
		4F9A42FC1F78A2E400112583 /* CYUserdefaultKeys.swift */ = {isa = PBXFileReference; fileEncoding = 4; lastKnownFileType = sourcecode.swift; path = CYUserdefaultKeys.swift; sourceTree = "<group>"; };
		4F9BFC501F720FCC00BCCCCB /* CYTestViewController.swift */ = {isa = PBXFileReference; fileEncoding = 4; lastKnownFileType = sourcecode.swift; path = CYTestViewController.swift; sourceTree = "<group>"; };
		4FA6389C1F70AAEA00838704 /* CYAddInfoSecondViewController.swift */ = {isa = PBXFileReference; fileEncoding = 4; lastKnownFileType = sourcecode.swift; path = CYAddInfoSecondViewController.swift; sourceTree = "<group>"; };
		4FA6389E1F70AB0800838704 /* CYAddInfoThirdViewController.swift */ = {isa = PBXFileReference; fileEncoding = 4; lastKnownFileType = sourcecode.swift; path = CYAddInfoThirdViewController.swift; sourceTree = "<group>"; };
		4FA638A01F70AB1000838704 /* CYAddInfoFourthViewController.swift */ = {isa = PBXFileReference; fileEncoding = 4; lastKnownFileType = sourcecode.swift; path = CYAddInfoFourthViewController.swift; sourceTree = "<group>"; };
		4FA638A21F70AB2200838704 /* CYAddInfoFifthViewController.swift */ = {isa = PBXFileReference; fileEncoding = 4; lastKnownFileType = sourcecode.swift; path = CYAddInfoFifthViewController.swift; sourceTree = "<group>"; };
		4FA638A41F70AB3100838704 /* CYAddInfoSixthViewController.swift */ = {isa = PBXFileReference; fileEncoding = 4; lastKnownFileType = sourcecode.swift; path = CYAddInfoSixthViewController.swift; sourceTree = "<group>"; };
		4FA638A61F70B17C00838704 /* CYHistoryListViewController.swift */ = {isa = PBXFileReference; fileEncoding = 4; lastKnownFileType = sourcecode.swift; path = CYHistoryListViewController.swift; sourceTree = "<group>"; };
		4FA638A91F70B4F100838704 /* CYHistoryListCell.swift */ = {isa = PBXFileReference; fileEncoding = 4; lastKnownFileType = sourcecode.swift; path = CYHistoryListCell.swift; sourceTree = "<group>"; };
		4FA638AA1F70B4F100838704 /* CYHistoryListCell.xib */ = {isa = PBXFileReference; fileEncoding = 4; lastKnownFileType = file.xib; path = CYHistoryListCell.xib; sourceTree = "<group>"; };
		4FA638AD1F70BB9C00838704 /* CYHistoryViewController.swift */ = {isa = PBXFileReference; fileEncoding = 4; lastKnownFileType = sourcecode.swift; path = CYHistoryViewController.swift; sourceTree = "<group>"; };
		4FA638DA1F70F50B00838704 /* CYProgressView.swift */ = {isa = PBXFileReference; fileEncoding = 4; lastKnownFileType = sourcecode.swift; path = CYProgressView.swift; sourceTree = "<group>"; };
		4FA638DC1F71031E00838704 /* CYHistoryCell.swift */ = {isa = PBXFileReference; fileEncoding = 4; lastKnownFileType = sourcecode.swift; path = CYHistoryCell.swift; sourceTree = "<group>"; };
		4FA638DD1F71031E00838704 /* CYHistoryCell.xib */ = {isa = PBXFileReference; fileEncoding = 4; lastKnownFileType = file.xib; path = CYHistoryCell.xib; sourceTree = "<group>"; };
		4FA638E11F7109D900838704 /* HistoryDetail.plist */ = {isa = PBXFileReference; fileEncoding = 4; lastKnownFileType = text.plist.xml; path = HistoryDetail.plist; sourceTree = "<group>"; };
		4FA638E31F711A9100838704 /* CYHistoryHeaderView.swift */ = {isa = PBXFileReference; fileEncoding = 4; lastKnownFileType = sourcecode.swift; path = CYHistoryHeaderView.swift; sourceTree = "<group>"; };
		4FA638E51F711AB000838704 /* CYHistoryHeaderView.xib */ = {isa = PBXFileReference; fileEncoding = 4; lastKnownFileType = file.xib; path = CYHistoryHeaderView.xib; sourceTree = "<group>"; };
		4FA638E71F7122FC00838704 /* CYHistoryFooterView.swift */ = {isa = PBXFileReference; fileEncoding = 4; lastKnownFileType = sourcecode.swift; path = CYHistoryFooterView.swift; sourceTree = "<group>"; };
		4FA638E91F71230C00838704 /* CYHistoryFooterView.xib */ = {isa = PBXFileReference; fileEncoding = 4; lastKnownFileType = file.xib; path = CYHistoryFooterView.xib; sourceTree = "<group>"; };
		4FEA927A1F6F633D007A4E19 /* QmjkInternational.app */ = {isa = PBXFileReference; explicitFileType = wrapper.application; includeInIndex = 0; path = QmjkInternational.app; sourceTree = BUILT_PRODUCTS_DIR; };
		4FEA927D1F6F633D007A4E19 /* AppDelegate.swift */ = {isa = PBXFileReference; lastKnownFileType = sourcecode.swift; path = AppDelegate.swift; sourceTree = "<group>"; };
		4FEA92821F6F633D007A4E19 /* Base */ = {isa = PBXFileReference; lastKnownFileType = file.storyboard; name = Base; path = Base.lproj/Main.storyboard; sourceTree = "<group>"; };
		4FEA92841F6F633D007A4E19 /* Assets.xcassets */ = {isa = PBXFileReference; lastKnownFileType = folder.assetcatalog; path = Assets.xcassets; sourceTree = "<group>"; };
		4FEA92871F6F633D007A4E19 /* Base */ = {isa = PBXFileReference; lastKnownFileType = file.storyboard; name = Base; path = Base.lproj/LaunchScreen.storyboard; sourceTree = "<group>"; };
		4FEA92891F6F633D007A4E19 /* Info.plist */ = {isa = PBXFileReference; lastKnownFileType = text.plist.xml; path = Info.plist; sourceTree = "<group>"; };
		4FEA92961F6F6804007A4E19 /* CYPersonnelListViewController.swift */ = {isa = PBXFileReference; fileEncoding = 4; lastKnownFileType = sourcecode.swift; path = CYPersonnelListViewController.swift; sourceTree = "<group>"; };
		4FEA92981F6F90B8007A4E19 /* CYLoginViewController.swift */ = {isa = PBXFileReference; fileEncoding = 4; lastKnownFileType = sourcecode.swift; path = CYLoginViewController.swift; sourceTree = "<group>"; };
		4FEA929A1F6F90C2007A4E19 /* CYRegisterViewController.swift */ = {isa = PBXFileReference; fileEncoding = 4; lastKnownFileType = sourcecode.swift; path = CYRegisterViewController.swift; sourceTree = "<group>"; };
		4FEA92E41F6FAB1E007A4E19 /* CYPersonCell.swift */ = {isa = PBXFileReference; fileEncoding = 4; lastKnownFileType = sourcecode.swift; path = CYPersonCell.swift; sourceTree = "<group>"; };
		4FEA92E51F6FAB1E007A4E19 /* CYPersonCell.xib */ = {isa = PBXFileReference; fileEncoding = 4; lastKnownFileType = file.xib; path = CYPersonCell.xib; sourceTree = "<group>"; };
		4FEA92E91F6FB536007A4E19 /* CYHeader.swift */ = {isa = PBXFileReference; fileEncoding = 4; lastKnownFileType = sourcecode.swift; path = CYHeader.swift; sourceTree = "<group>"; };
		4FEA92EB1F6FB777007A4E19 /* CYAdditionButtonCell.swift */ = {isa = PBXFileReference; fileEncoding = 4; lastKnownFileType = sourcecode.swift; path = CYAdditionButtonCell.swift; sourceTree = "<group>"; };
		4FEA92EC1F6FB777007A4E19 /* CYAdditionButtonCell.xib */ = {isa = PBXFileReference; fileEncoding = 4; lastKnownFileType = file.xib; path = CYAdditionButtonCell.xib; sourceTree = "<group>"; };
		4FEA92EF1F6FBFE1007A4E19 /* CYPersonnelListEditingViewController.swift */ = {isa = PBXFileReference; fileEncoding = 4; lastKnownFileType = sourcecode.swift; path = CYPersonnelListEditingViewController.swift; sourceTree = "<group>"; };
		4FEA92F71F6FC0DA007A4E19 /* CYPersonEditingTableViewCell.swift */ = {isa = PBXFileReference; fileEncoding = 4; lastKnownFileType = sourcecode.swift; path = CYPersonEditingTableViewCell.swift; sourceTree = "<group>"; };
		4FEA92F81F6FC0DA007A4E19 /* CYPersonEditingTableViewCell.xib */ = {isa = PBXFileReference; fileEncoding = 4; lastKnownFileType = file.xib; path = CYPersonEditingTableViewCell.xib; sourceTree = "<group>"; };
		4FEA92FB1F6FC935007A4E19 /* CYAddInfoFirstViewController.swift */ = {isa = PBXFileReference; fileEncoding = 4; lastKnownFileType = sourcecode.swift; path = CYAddInfoFirstViewController.swift; sourceTree = "<group>"; };
		4FF062931F7B3A5400555551 /* HE_Dict2Model.swift */ = {isa = PBXFileReference; lastKnownFileType = sourcecode.swift; path = HE_Dict2Model.swift; sourceTree = "<group>"; };
		4FF062941F7B3A5400555551 /* HE_Foundation.swift */ = {isa = PBXFileReference; lastKnownFileType = sourcecode.swift; path = HE_Foundation.swift; sourceTree = "<group>"; };
		4FF062951F7B3A5400555551 /* HE_Model2Dict.swift */ = {isa = PBXFileReference; lastKnownFileType = sourcecode.swift; path = HE_Model2Dict.swift; sourceTree = "<group>"; };
/* End PBXFileReference section */

/* Begin PBXFrameworksBuildPhase section */
		4FEA92771F6F633D007A4E19 /* Frameworks */ = {
			isa = PBXFrameworksBuildPhase;
			buildActionMask = 2147483647;
			files = (
				4F9A07921F7364C1008ECCD2 /* SQLite.framework in Frameworks */,
				4F371E431F74DED00013DAC8 /* AFNetworking.framework in Frameworks */,
				4F7F29751F7A442600EA67B6 /* HealthmeCloudSDK_iOS.framework in Frameworks */,
				4F9A079E1F7387F2008ECCD2 /* MJExtension.framework in Frameworks */,
				4F9A07961F736977008ECCD2 /* FMDB.framework in Frameworks */,
				4F9A079F1F7387FD008ECCD2 /* MJExtension.framework in Frameworks */,
				4F371E4D1F74EBA00013DAC8 /* ToastSwiftFramework.framework in Frameworks */,
				4F7F29801F7A5BB700EA67B6 /* Alamofire.framework in Frameworks */,
				4F9A078E1F735CD3008ECCD2 /* SQLite.framework in Frameworks */,
				4F371E441F74DED90013DAC8 /* AFNetworking.framework in Frameworks */,
				4F371E491F74E53B0013DAC8 /* ToastSwiftFramework.framework in Frameworks */,
				4F9A07971F73697E008ECCD2 /* FMDB.framework in Frameworks */,
			);
			runOnlyForDeploymentPostprocessing = 0;
		};
/* End PBXFrameworksBuildPhase section */

/* Begin PBXGroup section */
		4F371E4A1F74E58D0013DAC8 /* BaseOnFrameworks */ = {
			isa = PBXGroup;
			children = (
				4F371E4B1F74E5AA0013DAC8 /* CYAlertView.swift */,
			);
			path = BaseOnFrameworks;
			sourceTree = "<group>";
		};
		4F401B601F7CE2F000B08AF1 /* 画假波形 */ = {
			isa = PBXGroup;
			children = (
				4F401B671F7CE38D00B08AF1 /* UIColor+Hex.h */,
				4F401B681F7CE38D00B08AF1 /* UIColor+Hex.m */,
				4F401B611F7CE2F000B08AF1 /* HeartRateWaveView.h */,
				4F401B621F7CE2F000B08AF1 /* HeartRateWaveView.m */,
				4F401B631F7CE2F000B08AF1 /* HRTools.h */,
				4F401B641F7CE2F000B08AF1 /* HRTools.m */,
			);
			path = "画假波形";
			sourceTree = "<group>";
		};
		4F7F29771F7A540900EA67B6 /* NetorkingRequest */ = {
			isa = PBXGroup;
			children = (
				4F7F297B1F7A543200EA67B6 /* CYNetworkingRequest.swift */,
				4F7F297D1F7A561300EA67B6 /* CYRequestHandler.swift */,
			);
			path = NetorkingRequest;
			sourceTree = "<group>";
		};
		4F85B6D61F7216C800C38ADD /* View */ = {
			isa = PBXGroup;
			children = (
				4F401B601F7CE2F000B08AF1 /* 画假波形 */,
				4F85B6D71F7218CC00C38ADD /* CYTestBotView.swift */,
				4F85B6D91F721C9F00C38ADD /* CYTestPageView.swift */,
			);
			path = View;
			sourceTree = "<group>";
		};
		4F85B6DB1F724AD400C38ADD /* NavigationController */ = {
			isa = PBXGroup;
			children = (
				4F85B6DC1F724AF100C38ADD /* CYNavigationController.swift */,
			);
			path = NavigationController;
			sourceTree = "<group>";
		};
		4F85B6E01F725E8700C38ADD /* CustomView */ = {
			isa = PBXGroup;
			children = (
				4F85B6E11F725EB600C38ADD /* CYDropdownView.swift */,
			);
			path = CustomView;
			sourceTree = "<group>";
		};
		4F9A078C1F735CC4008ECCD2 /* Frameworks */ = {
			isa = PBXGroup;
			children = (
				4F7F297F1F7A5BAF00EA67B6 /* Alamofire.framework */,
				4F7F29741F7A419200EA67B6 /* HealthmeCloudSDK_iOS.framework */,
				4F371E4A1F74E58D0013DAC8 /* BaseOnFrameworks */,
				4F371E481F74E53B0013DAC8 /* ToastSwiftFramework.framework */,
				4F371E421F74DED00013DAC8 /* AFNetworking.framework */,
				4F9A079D1F7387F2008ECCD2 /* MJExtension.framework */,
				4F9A07951F736977008ECCD2 /* FMDB.framework */,
				4F9A078D1F735CD3008ECCD2 /* SQLite.framework */,
				4F9A07991F7369A0008ECCD2 /* QmjkInternational-Bridging-Header.h */,
			);
			path = Frameworks;
			sourceTree = "<group>";
		};
		4F9A078F1F735CFC008ECCD2 /* Datas */ = {
			isa = PBXGroup;
			children = (
				4FF062921F7B3A5400555551 /* HEExention */,
				4F9A07901F735D65008ECCD2 /* CYDatabaseManager.swift */,
				4F9A07A41F73883E008ECCD2 /* CYModels.swift */,
			);
			path = Datas;
			sourceTree = "<group>";
		};
		4FA638A81F70B4D800838704 /* View */ = {
			isa = PBXGroup;
			children = (
				4FA638A91F70B4F100838704 /* CYHistoryListCell.swift */,
				4FA638AA1F70B4F100838704 /* CYHistoryListCell.xib */,
				4FA638DC1F71031E00838704 /* CYHistoryCell.swift */,
				4FA638DD1F71031E00838704 /* CYHistoryCell.xib */,
				4FA638DA1F70F50B00838704 /* CYProgressView.swift */,
				4FA638E31F711A9100838704 /* CYHistoryHeaderView.swift */,
				4FA638E51F711AB000838704 /* CYHistoryHeaderView.xib */,
				4FA638E71F7122FC00838704 /* CYHistoryFooterView.swift */,
				4FA638E91F71230C00838704 /* CYHistoryFooterView.xib */,
			);
			path = View;
			sourceTree = "<group>";
		};
		4FA638E01F7109BD00838704 /* PlistFile */ = {
			isa = PBXGroup;
			children = (
				4FA638E11F7109D900838704 /* HistoryDetail.plist */,
			);
			path = PlistFile;
			sourceTree = "<group>";
		};
		4FEA92711F6F633D007A4E19 = {
			isa = PBXGroup;
			children = (
				4FEA927C1F6F633D007A4E19 /* QmjkInternational */,
				4FEA927B1F6F633D007A4E19 /* Products */,
			);
			sourceTree = "<group>";
		};
		4FEA927B1F6F633D007A4E19 /* Products */ = {
			isa = PBXGroup;
			children = (
				4FEA927A1F6F633D007A4E19 /* QmjkInternational.app */,
			);
			name = Products;
			sourceTree = "<group>";
		};
		4FEA927C1F6F633D007A4E19 /* QmjkInternational */ = {
			isa = PBXGroup;
			children = (
				4FEA927D1F6F633D007A4E19 /* AppDelegate.swift */,
				4FEA928F1F6F63F6007A4E19 /* Classes */,
				4FEA92811F6F633D007A4E19 /* Main.storyboard */,
				4FEA92841F6F633D007A4E19 /* Assets.xcassets */,
				4FEA92861F6F633D007A4E19 /* LaunchScreen.storyboard */,
				4FEA92891F6F633D007A4E19 /* Info.plist */,
			);
			path = QmjkInternational;
			sourceTree = "<group>";
		};
		4FEA928F1F6F63F6007A4E19 /* Classes */ = {
			isa = PBXGroup;
			children = (
				4F7F29771F7A540900EA67B6 /* NetorkingRequest */,
				4F9A078F1F735CFC008ECCD2 /* Datas */,
				4F9A078C1F735CC4008ECCD2 /* Frameworks */,
				4F85B6E01F725E8700C38ADD /* CustomView */,
				4F85B6DB1F724AD400C38ADD /* NavigationController */,
				4FA638E01F7109BD00838704 /* PlistFile */,
				4FEA92E81F6FB526007A4E19 /* Header */,
				4FEA92931F6F63F6007A4E19 /* Main */,
				4FEA92901F6F63F6007A4E19 /* AdditionalMeterials */,
				4FEA92911F6F63F6007A4E19 /* History */,
				4FEA92921F6F63F6007A4E19 /* Login&Regist */,
				4FEA92941F6F63F6007A4E19 /* Result */,
				4FEA92951F6F63F6007A4E19 /* Test */,
			);
			path = Classes;
			sourceTree = "<group>";
		};
		4FEA92901F6F63F6007A4E19 /* AdditionalMeterials */ = {
			isa = PBXGroup;
			children = (
				4FEA92FB1F6FC935007A4E19 /* CYAddInfoFirstViewController.swift */,
				4FA6389C1F70AAEA00838704 /* CYAddInfoSecondViewController.swift */,
				4FA6389E1F70AB0800838704 /* CYAddInfoThirdViewController.swift */,
				4FA638A01F70AB1000838704 /* CYAddInfoFourthViewController.swift */,
				4FA638A21F70AB2200838704 /* CYAddInfoFifthViewController.swift */,
				4FA638A41F70AB3100838704 /* CYAddInfoSixthViewController.swift */,
			);
			path = AdditionalMeterials;
			sourceTree = "<group>";
		};
		4FEA92911F6F63F6007A4E19 /* History */ = {
			isa = PBXGroup;
			children = (
				4FA638A61F70B17C00838704 /* CYHistoryListViewController.swift */,
				4FA638AD1F70BB9C00838704 /* CYHistoryViewController.swift */,
				4FA638A81F70B4D800838704 /* View */,
			);
			path = History;
			sourceTree = "<group>";
		};
		4FEA92921F6F63F6007A4E19 /* Login&Regist */ = {
			isa = PBXGroup;
			children = (
				4FEA92981F6F90B8007A4E19 /* CYLoginViewController.swift */,
				4FEA929A1F6F90C2007A4E19 /* CYRegisterViewController.swift */,
			);
			path = "Login&Regist";
			sourceTree = "<group>";
		};
		4FEA92931F6F63F6007A4E19 /* Main */ = {
			isa = PBXGroup;
			children = (
				4FEA92961F6F6804007A4E19 /* CYPersonnelListViewController.swift */,
				4FEA92EF1F6FBFE1007A4E19 /* CYPersonnelListEditingViewController.swift */,
				4FEA92E11F6FAAEA007A4E19 /* View */,
			);
			path = Main;
			sourceTree = "<group>";
		};
		4FEA92941F6F63F6007A4E19 /* Result */ = {
			isa = PBXGroup;
			children = (
			);
			path = Result;
			sourceTree = "<group>";
		};
		4FEA92951F6F63F6007A4E19 /* Test */ = {
			isa = PBXGroup;
			children = (
				4F9BFC501F720FCC00BCCCCB /* CYTestViewController.swift */,
				4F85B6D61F7216C800C38ADD /* View */,
			);
			path = Test;
			sourceTree = "<group>";
		};
		4FEA92E11F6FAAEA007A4E19 /* View */ = {
			isa = PBXGroup;
			children = (
				4FEA92E41F6FAB1E007A4E19 /* CYPersonCell.swift */,
				4FEA92E51F6FAB1E007A4E19 /* CYPersonCell.xib */,
				4FEA92EB1F6FB777007A4E19 /* CYAdditionButtonCell.swift */,
				4FEA92EC1F6FB777007A4E19 /* CYAdditionButtonCell.xib */,
				4FEA92F71F6FC0DA007A4E19 /* CYPersonEditingTableViewCell.swift */,
				4FEA92F81F6FC0DA007A4E19 /* CYPersonEditingTableViewCell.xib */,
			);
			path = View;
			sourceTree = "<group>";
		};
		4FEA92E81F6FB526007A4E19 /* Header */ = {
			isa = PBXGroup;
			children = (
				4FEA92E91F6FB536007A4E19 /* CYHeader.swift */,
				4F9A42FC1F78A2E400112583 /* CYUserdefaultKeys.swift */,
			);
			path = Header;
			sourceTree = "<group>";
		};
		4FF062921F7B3A5400555551 /* HEExention */ = {
			isa = PBXGroup;
			children = (
				4FF062931F7B3A5400555551 /* HE_Dict2Model.swift */,
				4FF062941F7B3A5400555551 /* HE_Foundation.swift */,
				4FF062951F7B3A5400555551 /* HE_Model2Dict.swift */,
			);
			path = HEExention;
			sourceTree = "<group>";
		};
/* End PBXGroup section */

/* Begin PBXNativeTarget section */
		4FEA92791F6F633D007A4E19 /* QmjkInternational */ = {
			isa = PBXNativeTarget;
			buildConfigurationList = 4FEA928C1F6F633D007A4E19 /* Build configuration list for PBXNativeTarget "QmjkInternational" */;
			buildPhases = (
				4FEA92761F6F633D007A4E19 /* Sources */,
				4FEA92771F6F633D007A4E19 /* Frameworks */,
				4FEA92781F6F633D007A4E19 /* Resources */,
				4F9A07941F7364C1008ECCD2 /* Embed Frameworks */,
			);
			buildRules = (
			);
			dependencies = (
			);
			name = QmjkInternational;
			productName = QmjkInternational;
			productReference = 4FEA927A1F6F633D007A4E19 /* QmjkInternational.app */;
			productType = "com.apple.product-type.application";
		};
/* End PBXNativeTarget section */

/* Begin PBXProject section */
		4FEA92721F6F633D007A4E19 /* Project object */ = {
			isa = PBXProject;
			attributes = {
				CLASSPREFIX = CY;
				LastSwiftUpdateCheck = 0830;
				LastUpgradeCheck = 0830;
				ORGANIZATIONNAME = "深圳前海全民健康科技股份有限公司";
				TargetAttributes = {
					4FEA92791F6F633D007A4E19 = {
						CreatedOnToolsVersion = 8.3.2;
						DevelopmentTeam = 3E4YNVWNYC;
						LastSwiftMigration = 0830;
						ProvisioningStyle = Automatic;
					};
				};
			};
			buildConfigurationList = 4FEA92751F6F633D007A4E19 /* Build configuration list for PBXProject "QmjkInternational" */;
			compatibilityVersion = "Xcode 3.2";
			developmentRegion = English;
			hasScannedForEncodings = 0;
			knownRegions = (
				en,
				Base,
			);
			mainGroup = 4FEA92711F6F633D007A4E19;
			productRefGroup = 4FEA927B1F6F633D007A4E19 /* Products */;
			projectDirPath = "";
			projectRoot = "";
			targets = (
				4FEA92791F6F633D007A4E19 /* QmjkInternational */,
			);
		};
/* End PBXProject section */

/* Begin PBXResourcesBuildPhase section */
		4FEA92781F6F633D007A4E19 /* Resources */ = {
			isa = PBXResourcesBuildPhase;
			buildActionMask = 2147483647;
			files = (
				4FA638DF1F71031E00838704 /* CYHistoryCell.xib in Resources */,
				4FEA92E71F6FAB1E007A4E19 /* CYPersonCell.xib in Resources */,
				4FEA92881F6F633D007A4E19 /* LaunchScreen.storyboard in Resources */,
				4FEA92EE1F6FB777007A4E19 /* CYAdditionButtonCell.xib in Resources */,
				4FEA92851F6F633D007A4E19 /* Assets.xcassets in Resources */,
				4FA638E21F7109D900838704 /* HistoryDetail.plist in Resources */,
				4FA638E61F711AB000838704 /* CYHistoryHeaderView.xib in Resources */,
				4FEA92FA1F6FC0DA007A4E19 /* CYPersonEditingTableViewCell.xib in Resources */,
				4FA638AC1F70B4F100838704 /* CYHistoryListCell.xib in Resources */,
				4FEA92831F6F633D007A4E19 /* Main.storyboard in Resources */,
				4FA638EA1F71230C00838704 /* CYHistoryFooterView.xib in Resources */,
			);
			runOnlyForDeploymentPostprocessing = 0;
		};
/* End PBXResourcesBuildPhase section */

/* Begin PBXSourcesBuildPhase section */
		4FEA92761F6F633D007A4E19 /* Sources */ = {
			isa = PBXSourcesBuildPhase;
			buildActionMask = 2147483647;
			files = (
				4FEA927E1F6F633D007A4E19 /* AppDelegate.swift in Sources */,
				4F7F297E1F7A561300EA67B6 /* CYRequestHandler.swift in Sources */,
				4F7F297C1F7A543200EA67B6 /* CYNetworkingRequest.swift in Sources */,
				4FA638A11F70AB1000838704 /* CYAddInfoFourthViewController.swift in Sources */,
				4F9A07911F735D65008ECCD2 /* CYDatabaseManager.swift in Sources */,
				4FA638A31F70AB2200838704 /* CYAddInfoFifthViewController.swift in Sources */,
				4FEA929B1F6F90C2007A4E19 /* CYRegisterViewController.swift in Sources */,
				4F9BFC511F720FCC00BCCCCB /* CYTestViewController.swift in Sources */,
				4FA638DE1F71031E00838704 /* CYHistoryCell.swift in Sources */,
				4FEA92971F6F6804007A4E19 /* CYPersonnelListViewController.swift in Sources */,
				4F85B6DD1F724AF100C38ADD /* CYNavigationController.swift in Sources */,
				4FEA92991F6F90B8007A4E19 /* CYLoginViewController.swift in Sources */,
				4FA6389F1F70AB0800838704 /* CYAddInfoThirdViewController.swift in Sources */,
				4F401B691F7CE38D00B08AF1 /* UIColor+Hex.m in Sources */,
				4F401B661F7CE2F000B08AF1 /* HRTools.m in Sources */,
				4FEA92ED1F6FB777007A4E19 /* CYAdditionButtonCell.swift in Sources */,
				4F9A42FD1F78A2E400112583 /* CYUserdefaultKeys.swift in Sources */,
				4F9A07A51F73883E008ECCD2 /* CYModels.swift in Sources */,
				4FA638AB1F70B4F100838704 /* CYHistoryListCell.swift in Sources */,
				4FEA92F91F6FC0DA007A4E19 /* CYPersonEditingTableViewCell.swift in Sources */,
				4FA638E41F711A9100838704 /* CYHistoryHeaderView.swift in Sources */,
				4FEA92EA1F6FB536007A4E19 /* CYHeader.swift in Sources */,
				4FA6389D1F70AAEA00838704 /* CYAddInfoSecondViewController.swift in Sources */,
				4FEA92FC1F6FC935007A4E19 /* CYAddInfoFirstViewController.swift in Sources */,
				4FEA92F01F6FBFE1007A4E19 /* CYPersonnelListEditingViewController.swift in Sources */,
				4FEA92E61F6FAB1E007A4E19 /* CYPersonCell.swift in Sources */,
				4F85B6D81F7218CC00C38ADD /* CYTestBotView.swift in Sources */,
				4FA638A51F70AB3100838704 /* CYAddInfoSixthViewController.swift in Sources */,
				4F85B6DA1F721C9F00C38ADD /* CYTestPageView.swift in Sources */,
				4FA638E81F7122FC00838704 /* CYHistoryFooterView.swift in Sources */,
				4FA638A71F70B17C00838704 /* CYHistoryListViewController.swift in Sources */,
				4F85B6E21F725EB600C38ADD /* CYDropdownView.swift in Sources */,
				4FA638AE1F70BB9C00838704 /* CYHistoryViewController.swift in Sources */,
				4FA638DB1F70F50B00838704 /* CYProgressView.swift in Sources */,
				4F401B651F7CE2F000B08AF1 /* HeartRateWaveView.m in Sources */,
				4F371E4C1F74E5AA0013DAC8 /* CYAlertView.swift in Sources */,
			);
			runOnlyForDeploymentPostprocessing = 0;
		};
/* End PBXSourcesBuildPhase section */

/* Begin PBXVariantGroup section */
		4FEA92811F6F633D007A4E19 /* Main.storyboard */ = {
			isa = PBXVariantGroup;
			children = (
				4FEA92821F6F633D007A4E19 /* Base */,
			);
			name = Main.storyboard;
			sourceTree = "<group>";
		};
		4FEA92861F6F633D007A4E19 /* LaunchScreen.storyboard */ = {
			isa = PBXVariantGroup;
			children = (
				4FEA92871F6F633D007A4E19 /* Base */,
			);
			name = LaunchScreen.storyboard;
			sourceTree = "<group>";
		};
/* End PBXVariantGroup section */

/* Begin XCBuildConfiguration section */
		4FEA928A1F6F633D007A4E19 /* Debug */ = {
			isa = XCBuildConfiguration;
			buildSettings = {
				ALWAYS_SEARCH_USER_PATHS = NO;
				CLANG_ANALYZER_NONNULL = YES;
				CLANG_ANALYZER_NUMBER_OBJECT_CONVERSION = YES_AGGRESSIVE;
				CLANG_CXX_LANGUAGE_STANDARD = "gnu++0x";
				CLANG_CXX_LIBRARY = "libc++";
				CLANG_ENABLE_MODULES = YES;
				CLANG_ENABLE_OBJC_ARC = YES;
				CLANG_WARN_BOOL_CONVERSION = YES;
				CLANG_WARN_CONSTANT_CONVERSION = YES;
				CLANG_WARN_DIRECT_OBJC_ISA_USAGE = YES_ERROR;
				CLANG_WARN_DOCUMENTATION_COMMENTS = YES;
				CLANG_WARN_EMPTY_BODY = YES;
				CLANG_WARN_ENUM_CONVERSION = YES;
				CLANG_WARN_INFINITE_RECURSION = YES;
				CLANG_WARN_INT_CONVERSION = YES;
				CLANG_WARN_OBJC_ROOT_CLASS = YES_ERROR;
				CLANG_WARN_SUSPICIOUS_MOVE = YES;
				CLANG_WARN_UNREACHABLE_CODE = YES;
				CLANG_WARN__DUPLICATE_METHOD_MATCH = YES;
				"CODE_SIGN_IDENTITY[sdk=iphoneos*]" = "iPhone Developer";
				COPY_PHASE_STRIP = NO;
				DEBUG_INFORMATION_FORMAT = dwarf;
				ENABLE_STRICT_OBJC_MSGSEND = YES;
				ENABLE_TESTABILITY = YES;
				GCC_C_LANGUAGE_STANDARD = gnu99;
				GCC_DYNAMIC_NO_PIC = NO;
				GCC_NO_COMMON_BLOCKS = YES;
				GCC_OPTIMIZATION_LEVEL = 0;
				GCC_PREPROCESSOR_DEFINITIONS = (
					"DEBUG=1",
					"$(inherited)",
				);
				GCC_WARN_64_TO_32_BIT_CONVERSION = YES;
				GCC_WARN_ABOUT_RETURN_TYPE = YES_ERROR;
				GCC_WARN_UNDECLARED_SELECTOR = YES;
				GCC_WARN_UNINITIALIZED_AUTOS = YES_AGGRESSIVE;
				GCC_WARN_UNUSED_FUNCTION = YES;
				GCC_WARN_UNUSED_VARIABLE = YES;
				IPHONEOS_DEPLOYMENT_TARGET = 10.3;
				MTL_ENABLE_DEBUG_INFO = YES;
				ONLY_ACTIVE_ARCH = YES;
				SDKROOT = iphoneos;
				SWIFT_ACTIVE_COMPILATION_CONDITIONS = DEBUG;
				SWIFT_OPTIMIZATION_LEVEL = "-Onone";
				TARGETED_DEVICE_FAMILY = "1,2";
			};
			name = Debug;
		};
		4FEA928B1F6F633D007A4E19 /* Release */ = {
			isa = XCBuildConfiguration;
			buildSettings = {
				ALWAYS_SEARCH_USER_PATHS = NO;
				CLANG_ANALYZER_NONNULL = YES;
				CLANG_ANALYZER_NUMBER_OBJECT_CONVERSION = YES_AGGRESSIVE;
				CLANG_CXX_LANGUAGE_STANDARD = "gnu++0x";
				CLANG_CXX_LIBRARY = "libc++";
				CLANG_ENABLE_MODULES = YES;
				CLANG_ENABLE_OBJC_ARC = YES;
				CLANG_WARN_BOOL_CONVERSION = YES;
				CLANG_WARN_CONSTANT_CONVERSION = YES;
				CLANG_WARN_DIRECT_OBJC_ISA_USAGE = YES_ERROR;
				CLANG_WARN_DOCUMENTATION_COMMENTS = YES;
				CLANG_WARN_EMPTY_BODY = YES;
				CLANG_WARN_ENUM_CONVERSION = YES;
				CLANG_WARN_INFINITE_RECURSION = YES;
				CLANG_WARN_INT_CONVERSION = YES;
				CLANG_WARN_OBJC_ROOT_CLASS = YES_ERROR;
				CLANG_WARN_SUSPICIOUS_MOVE = YES;
				CLANG_WARN_UNREACHABLE_CODE = YES;
				CLANG_WARN__DUPLICATE_METHOD_MATCH = YES;
				"CODE_SIGN_IDENTITY[sdk=iphoneos*]" = "iPhone Developer";
				COPY_PHASE_STRIP = NO;
				DEBUG_INFORMATION_FORMAT = "dwarf-with-dsym";
				ENABLE_NS_ASSERTIONS = NO;
				ENABLE_STRICT_OBJC_MSGSEND = YES;
				GCC_C_LANGUAGE_STANDARD = gnu99;
				GCC_NO_COMMON_BLOCKS = YES;
				GCC_WARN_64_TO_32_BIT_CONVERSION = YES;
				GCC_WARN_ABOUT_RETURN_TYPE = YES_ERROR;
				GCC_WARN_UNDECLARED_SELECTOR = YES;
				GCC_WARN_UNINITIALIZED_AUTOS = YES_AGGRESSIVE;
				GCC_WARN_UNUSED_FUNCTION = YES;
				GCC_WARN_UNUSED_VARIABLE = YES;
				IPHONEOS_DEPLOYMENT_TARGET = 10.3;
				MTL_ENABLE_DEBUG_INFO = NO;
				SDKROOT = iphoneos;
				SWIFT_OPTIMIZATION_LEVEL = "-Owholemodule";
				TARGETED_DEVICE_FAMILY = "1,2";
				VALIDATE_PRODUCT = YES;
			};
			name = Release;
		};
		4FEA928D1F6F633D007A4E19 /* Debug */ = {
			isa = XCBuildConfiguration;
			buildSettings = {
				ALWAYS_EMBED_SWIFT_STANDARD_LIBRARIES = NO;
				ASSETCATALOG_COMPILER_APPICON_NAME = AppIcon;
				CLANG_ENABLE_MODULES = YES;
				DEVELOPMENT_TEAM = 3E4YNVWNYC;
				FRAMEWORK_SEARCH_PATHS = (
					"$(inherited)",
					"$(PROJECT_DIR)/QmjkInternational/Classes/Frameworks",
				);
				INFOPLIST_FILE = QmjkInternational/Info.plist;
				IPHONEOS_DEPLOYMENT_TARGET = 9.0;
				LD_RUNPATH_SEARCH_PATHS = "$(inherited) @executable_path/Frameworks";
				PRODUCT_BUNDLE_IDENTIFIER = com.healthme.QmjkInternational;
				PRODUCT_NAME = "$(TARGET_NAME)";
				SWIFT_OBJC_BRIDGING_HEADER = "QmjkInternational/Classes/Frameworks/QmjkInternational-Bridging-Header.h";
				SWIFT_OPTIMIZATION_LEVEL = "-Onone";
				SWIFT_VERSION = 3.0;
				VALID_ARCHS = "arm64 armv7 armv7s";
			};
			name = Debug;
		};
		4FEA928E1F6F633D007A4E19 /* Release */ = {
			isa = XCBuildConfiguration;
			buildSettings = {
				ALWAYS_EMBED_SWIFT_STANDARD_LIBRARIES = NO;
				ASSETCATALOG_COMPILER_APPICON_NAME = AppIcon;
				CLANG_ENABLE_MODULES = YES;
				DEVELOPMENT_TEAM = 3E4YNVWNYC;
				FRAMEWORK_SEARCH_PATHS = (
					"$(inherited)",
					"$(PROJECT_DIR)/QmjkInternational/Classes/Frameworks",
				);
				INFOPLIST_FILE = QmjkInternational/Info.plist;
				IPHONEOS_DEPLOYMENT_TARGET = 9.0;
				LD_RUNPATH_SEARCH_PATHS = "$(inherited) @executable_path/Frameworks";
				PRODUCT_BUNDLE_IDENTIFIER = com.healthme.QmjkInternational;
				PRODUCT_NAME = "$(TARGET_NAME)";
				SWIFT_OBJC_BRIDGING_HEADER = "QmjkInternational/Classes/Frameworks/QmjkInternational-Bridging-Header.h";
				SWIFT_VERSION = 3.0;
				VALID_ARCHS = "arm64 armv7 armv7s";
			};
			name = Release;
		};
/* End XCBuildConfiguration section */

/* Begin XCConfigurationList section */
		4FEA92751F6F633D007A4E19 /* Build configuration list for PBXProject "QmjkInternational" */ = {
			isa = XCConfigurationList;
			buildConfigurations = (
				4FEA928A1F6F633D007A4E19 /* Debug */,
				4FEA928B1F6F633D007A4E19 /* Release */,
			);
			defaultConfigurationIsVisible = 0;
			defaultConfigurationName = Release;
		};
		4FEA928C1F6F633D007A4E19 /* Build configuration list for PBXNativeTarget "QmjkInternational" */ = {
			isa = XCConfigurationList;
			buildConfigurations = (
				4FEA928D1F6F633D007A4E19 /* Debug */,
				4FEA928E1F6F633D007A4E19 /* Release */,
			);
			defaultConfigurationIsVisible = 0;
			defaultConfigurationName = Release;
		};
/* End XCConfigurationList section */
	};
	rootObject = 4FEA92721F6F633D007A4E19 /* Project object */;
}
